// !$*UTF8*$!
{
	archiveVersion = 1;
	classes = {
	};
	objectVersion = 56;
	objects = {

/* Begin PBXBuildFile section */
		1C00AE032B6A5397001A916D /* HeartController.swift in Sources */ = {isa = PBXBuildFile; fileRef = 1C00AE022B6A5397001A916D /* HeartController.swift */; };
		1C403ED42B62101D00D11507 /* ThemeColor.swift in Sources */ = {isa = PBXBuildFile; fileRef = 1C403ED32B62101D00D11507 /* ThemeColor.swift */; };
		1C403ED82B62223B00D11507 /* MainTabController.swift in Sources */ = {isa = PBXBuildFile; fileRef = 1C403ED72B62223B00D11507 /* MainTabController.swift */; };
		1C403EDB2B622CCC00D11507 /* KakaoSDK in Frameworks */ = {isa = PBXBuildFile; productRef = 1C403EDA2B622CCC00D11507 /* KakaoSDK */; };
		1C403EDD2B622CCC00D11507 /* KakaoSDKAuth in Frameworks */ = {isa = PBXBuildFile; productRef = 1C403EDC2B622CCC00D11507 /* KakaoSDKAuth */; };
		1C403EDF2B622CCC00D11507 /* KakaoSDKCommon in Frameworks */ = {isa = PBXBuildFile; productRef = 1C403EDE2B622CCC00D11507 /* KakaoSDKCommon */; };
		1C403EE12B622CCC00D11507 /* KakaoSDKUser in Frameworks */ = {isa = PBXBuildFile; productRef = 1C403EE02B622CCC00D11507 /* KakaoSDKUser */; };
		1C403EF42B63A10100D11507 /* HomeController.swift in Sources */ = {isa = PBXBuildFile; fileRef = 1C403EF32B63A10000D11507 /* HomeController.swift */; };
		1C403EF62B63A10800D11507 /* StoreController.swift in Sources */ = {isa = PBXBuildFile; fileRef = 1C403EF52B63A10800D11507 /* StoreController.swift */; };
		1C403EFD2B63A2A300D11507 /* User.swift in Sources */ = {isa = PBXBuildFile; fileRef = 1C403EFA2B63A2A300D11507 /* User.swift */; };
		1C403EFE2B63A2A300D11507 /* AppleAuthenticateUserUseCase.swift in Sources */ = {isa = PBXBuildFile; fileRef = 1C403EFC2B63A2A300D11507 /* AppleAuthenticateUserUseCase.swift */; };
		1C403F002B65F3CF00D11507 /* KakaoAuthenticateUserUseCase.swift in Sources */ = {isa = PBXBuildFile; fileRef = 1C403EFF2B65F3CF00D11507 /* KakaoAuthenticateUserUseCase.swift */; };
		3F5C65622B60B09E006E1D99 /* AppDelegate.swift in Sources */ = {isa = PBXBuildFile; fileRef = 3F5C65612B60B09E006E1D99 /* AppDelegate.swift */; };
		3F5C65642B60B09E006E1D99 /* SceneDelegate.swift in Sources */ = {isa = PBXBuildFile; fileRef = 3F5C65632B60B09E006E1D99 /* SceneDelegate.swift */; };
		3F5C65662B60B09E006E1D99 /* LoginViewController.swift in Sources */ = {isa = PBXBuildFile; fileRef = 3F5C65652B60B09E006E1D99 /* LoginViewController.swift */; };
		3F5C65692B60B09E006E1D99 /* Main.storyboard in Resources */ = {isa = PBXBuildFile; fileRef = 3F5C65672B60B09E006E1D99 /* Main.storyboard */; };
		3F5C656B2B60B0A0006E1D99 /* Assets.xcassets in Resources */ = {isa = PBXBuildFile; fileRef = 3F5C656A2B60B0A0006E1D99 /* Assets.xcassets */; };
		3F5C656E2B60B0A0006E1D99 /* LaunchScreen.storyboard in Resources */ = {isa = PBXBuildFile; fileRef = 3F5C656C2B60B0A0006E1D99 /* LaunchScreen.storyboard */; };
		3F5C65792B60B0A1006E1D99 /* BodyCaptureTests.swift in Sources */ = {isa = PBXBuildFile; fileRef = 3F5C65782B60B0A1006E1D99 /* BodyCaptureTests.swift */; };
		3F5C65832B60B0A1006E1D99 /* BodyCaptureUITests.swift in Sources */ = {isa = PBXBuildFile; fileRef = 3F5C65822B60B0A1006E1D99 /* BodyCaptureUITests.swift */; };
		3F5C65852B60B0A1006E1D99 /* BodyCaptureUITestsLaunchTests.swift in Sources */ = {isa = PBXBuildFile; fileRef = 3F5C65842B60B0A1006E1D99 /* BodyCaptureUITestsLaunchTests.swift */; };
		3FCB40952B66763E00EC594A /* GoogleSignIn in Frameworks */ = {isa = PBXBuildFile; productRef = 3FCB40942B66763E00EC594A /* GoogleSignIn */; };
		3FCB409E2B6A58A100EC594A /* RegisterViewController.swift in Sources */ = {isa = PBXBuildFile; fileRef = 3FCB409D2B6A58A100EC594A /* RegisterViewController.swift */; };
/* End PBXBuildFile section */

/* Begin PBXContainerItemProxy section */
		3F5C65752B60B0A1006E1D99 /* PBXContainerItemProxy */ = {
			isa = PBXContainerItemProxy;
			containerPortal = 3F5C65562B60B09E006E1D99 /* Project object */;
			proxyType = 1;
			remoteGlobalIDString = 3F5C655D2B60B09E006E1D99;
			remoteInfo = BodyCapture;
		};
		3F5C657F2B60B0A1006E1D99 /* PBXContainerItemProxy */ = {
			isa = PBXContainerItemProxy;
			containerPortal = 3F5C65562B60B09E006E1D99 /* Project object */;
			proxyType = 1;
			remoteGlobalIDString = 3F5C655D2B60B09E006E1D99;
			remoteInfo = BodyCapture;
		};
/* End PBXContainerItemProxy section */

/* Begin PBXFileReference section */
		1C00AE022B6A5397001A916D /* HeartController.swift */ = {isa = PBXFileReference; lastKnownFileType = sourcecode.swift; path = HeartController.swift; sourceTree = "<group>"; };
		1C403ED32B62101D00D11507 /* ThemeColor.swift */ = {isa = PBXFileReference; lastKnownFileType = sourcecode.swift; path = ThemeColor.swift; sourceTree = "<group>"; };
		1C403ED72B62223B00D11507 /* MainTabController.swift */ = {isa = PBXFileReference; lastKnownFileType = sourcecode.swift; path = MainTabController.swift; sourceTree = "<group>"; };
		1C403EF32B63A10000D11507 /* HomeController.swift */ = {isa = PBXFileReference; fileEncoding = 4; lastKnownFileType = sourcecode.swift; path = HomeController.swift; sourceTree = "<group>"; };
		1C403EF52B63A10800D11507 /* StoreController.swift */ = {isa = PBXFileReference; fileEncoding = 4; lastKnownFileType = sourcecode.swift; path = StoreController.swift; sourceTree = "<group>"; };
		1C403EFA2B63A2A300D11507 /* User.swift */ = {isa = PBXFileReference; fileEncoding = 4; lastKnownFileType = sourcecode.swift; path = User.swift; sourceTree = "<group>"; };
		1C403EFC2B63A2A300D11507 /* AppleAuthenticateUserUseCase.swift */ = {isa = PBXFileReference; fileEncoding = 4; lastKnownFileType = sourcecode.swift; path = AppleAuthenticateUserUseCase.swift; sourceTree = "<group>"; };
		1C403EFF2B65F3CF00D11507 /* KakaoAuthenticateUserUseCase.swift */ = {isa = PBXFileReference; lastKnownFileType = sourcecode.swift; path = KakaoAuthenticateUserUseCase.swift; sourceTree = "<group>"; };
		3F5C655E2B60B09E006E1D99 /* BodyCapture.app */ = {isa = PBXFileReference; explicitFileType = wrapper.application; includeInIndex = 0; path = BodyCapture.app; sourceTree = BUILT_PRODUCTS_DIR; };
		3F5C65612B60B09E006E1D99 /* AppDelegate.swift */ = {isa = PBXFileReference; lastKnownFileType = sourcecode.swift; path = AppDelegate.swift; sourceTree = "<group>"; };
		3F5C65632B60B09E006E1D99 /* SceneDelegate.swift */ = {isa = PBXFileReference; lastKnownFileType = sourcecode.swift; path = SceneDelegate.swift; sourceTree = "<group>"; };
		3F5C65652B60B09E006E1D99 /* LoginViewController.swift */ = {isa = PBXFileReference; lastKnownFileType = sourcecode.swift; path = LoginViewController.swift; sourceTree = "<group>"; };
		3F5C65682B60B09E006E1D99 /* Base */ = {isa = PBXFileReference; lastKnownFileType = file.storyboard; name = Base; path = Base.lproj/Main.storyboard; sourceTree = "<group>"; };
		3F5C656A2B60B0A0006E1D99 /* Assets.xcassets */ = {isa = PBXFileReference; lastKnownFileType = folder.assetcatalog; path = Assets.xcassets; sourceTree = "<group>"; };
		3F5C656D2B60B0A0006E1D99 /* Base */ = {isa = PBXFileReference; lastKnownFileType = file.storyboard; name = Base; path = Base.lproj/LaunchScreen.storyboard; sourceTree = "<group>"; };
		3F5C656F2B60B0A0006E1D99 /* Info.plist */ = {isa = PBXFileReference; lastKnownFileType = text.plist.xml; path = Info.plist; sourceTree = "<group>"; };
		3F5C65742B60B0A1006E1D99 /* BodyCaptureTests.xctest */ = {isa = PBXFileReference; explicitFileType = wrapper.cfbundle; includeInIndex = 0; path = BodyCaptureTests.xctest; sourceTree = BUILT_PRODUCTS_DIR; };
		3F5C65782B60B0A1006E1D99 /* BodyCaptureTests.swift */ = {isa = PBXFileReference; lastKnownFileType = sourcecode.swift; path = BodyCaptureTests.swift; sourceTree = "<group>"; };
		3F5C657E2B60B0A1006E1D99 /* BodyCaptureUITests.xctest */ = {isa = PBXFileReference; explicitFileType = wrapper.cfbundle; includeInIndex = 0; path = BodyCaptureUITests.xctest; sourceTree = BUILT_PRODUCTS_DIR; };
		3F5C65822B60B0A1006E1D99 /* BodyCaptureUITests.swift */ = {isa = PBXFileReference; lastKnownFileType = sourcecode.swift; path = BodyCaptureUITests.swift; sourceTree = "<group>"; };
		3F5C65842B60B0A1006E1D99 /* BodyCaptureUITestsLaunchTests.swift */ = {isa = PBXFileReference; lastKnownFileType = sourcecode.swift; path = BodyCaptureUITestsLaunchTests.swift; sourceTree = "<group>"; };
		3FCB408A2B638D2100EC594A /* BodyCapture.entitlements */ = {isa = PBXFileReference; lastKnownFileType = text.plist.entitlements; path = BodyCapture.entitlements; sourceTree = "<group>"; };
		3FCB409D2B6A58A100EC594A /* RegisterViewController.swift */ = {isa = PBXFileReference; lastKnownFileType = sourcecode.swift; path = RegisterViewController.swift; sourceTree = "<group>"; };
/* End PBXFileReference section */

/* Begin PBXFrameworksBuildPhase section */
		3F5C655B2B60B09E006E1D99 /* Frameworks */ = {
			isa = PBXFrameworksBuildPhase;
			buildActionMask = 2147483647;
			files = (
				3FCB40952B66763E00EC594A /* GoogleSignIn in Frameworks */,
				1C403EE12B622CCC00D11507 /* KakaoSDKUser in Frameworks */,
				1C403EDB2B622CCC00D11507 /* KakaoSDK in Frameworks */,
				1C403EDF2B622CCC00D11507 /* KakaoSDKCommon in Frameworks */,
				1C403EDD2B622CCC00D11507 /* KakaoSDKAuth in Frameworks */,
			);
			runOnlyForDeploymentPostprocessing = 0;
		};
		3F5C65712B60B0A1006E1D99 /* Frameworks */ = {
			isa = PBXFrameworksBuildPhase;
			buildActionMask = 2147483647;
			files = (
			);
			runOnlyForDeploymentPostprocessing = 0;
		};
		3F5C657B2B60B0A1006E1D99 /* Frameworks */ = {
			isa = PBXFrameworksBuildPhase;
			buildActionMask = 2147483647;
			files = (
			);
			runOnlyForDeploymentPostprocessing = 0;
		};
/* End PBXFrameworksBuildPhase section */

/* Begin PBXGroup section */
		1C403ED02B62050D00D11507 /* PresentationLayer */ = {
			isa = PBXGroup;
			children = (
				1C403EF52B63A10800D11507 /* StoreController.swift */,
				1C00AE022B6A5397001A916D /* HeartController.swift */,
				1C403EF32B63A10000D11507 /* HomeController.swift */,
				3F5C65652B60B09E006E1D99 /* LoginViewController.swift */,
				1C403ED72B62223B00D11507 /* MainTabController.swift */,
				3FCB409D2B6A58A100EC594A /* RegisterViewController.swift */,
			);
			path = PresentationLayer;
			sourceTree = "<group>";
		};
		1C403EF92B63A2A300D11507 /* Entities */ = {
			isa = PBXGroup;
			children = (
				1C403EFA2B63A2A300D11507 /* User.swift */,
			);
			path = Entities;
			sourceTree = "<group>";
		};
		1C403EFB2B63A2A300D11507 /* UseCases */ = {
			isa = PBXGroup;
			children = (
				1C403EFC2B63A2A300D11507 /* AppleAuthenticateUserUseCase.swift */,
				1C403EFF2B65F3CF00D11507 /* KakaoAuthenticateUserUseCase.swift */,
			);
			path = UseCases;
			sourceTree = "<group>";
		};
		3F5C65552B60B09E006E1D99 = {
			isa = PBXGroup;
			children = (
				3F5C65602B60B09E006E1D99 /* BodyCapture */,
				3F5C65772B60B0A1006E1D99 /* BodyCaptureTests */,
				3F5C65812B60B0A1006E1D99 /* BodyCaptureUITests */,
				3F5C655F2B60B09E006E1D99 /* Products */,
			);
			sourceTree = "<group>";
		};
		3F5C655F2B60B09E006E1D99 /* Products */ = {
			isa = PBXGroup;
			children = (
				3F5C655E2B60B09E006E1D99 /* BodyCapture.app */,
				3F5C65742B60B0A1006E1D99 /* BodyCaptureTests.xctest */,
				3F5C657E2B60B0A1006E1D99 /* BodyCaptureUITests.xctest */,
			);
			name = Products;
			sourceTree = "<group>";
		};
		3F5C65602B60B09E006E1D99 /* BodyCapture */ = {
			isa = PBXGroup;
			children = (
				3FCB408A2B638D2100EC594A /* BodyCapture.entitlements */,
				1C403EF92B63A2A300D11507 /* Entities */,
				1C403EFB2B63A2A300D11507 /* UseCases */,
				1C403ED02B62050D00D11507 /* PresentationLayer */,
				3F5C65612B60B09E006E1D99 /* AppDelegate.swift */,
				3F5C65632B60B09E006E1D99 /* SceneDelegate.swift */,
				3F5C65672B60B09E006E1D99 /* Main.storyboard */,
				3F5C656A2B60B0A0006E1D99 /* Assets.xcassets */,
				3F5C656C2B60B0A0006E1D99 /* LaunchScreen.storyboard */,
				3F5C656F2B60B0A0006E1D99 /* Info.plist */,
				1C403ED32B62101D00D11507 /* ThemeColor.swift */,
			);
			path = BodyCapture;
			sourceTree = "<group>";
		};
		3F5C65772B60B0A1006E1D99 /* BodyCaptureTests */ = {
			isa = PBXGroup;
			children = (
				3F5C65782B60B0A1006E1D99 /* BodyCaptureTests.swift */,
			);
			path = BodyCaptureTests;
			sourceTree = "<group>";
		};
		3F5C65812B60B0A1006E1D99 /* BodyCaptureUITests */ = {
			isa = PBXGroup;
			children = (
				3F5C65822B60B0A1006E1D99 /* BodyCaptureUITests.swift */,
				3F5C65842B60B0A1006E1D99 /* BodyCaptureUITestsLaunchTests.swift */,
			);
			path = BodyCaptureUITests;
			sourceTree = "<group>";
		};
/* End PBXGroup section */

/* Begin PBXNativeTarget section */
		3F5C655D2B60B09E006E1D99 /* BodyCapture */ = {
			isa = PBXNativeTarget;
			buildConfigurationList = 3F5C65882B60B0A1006E1D99 /* Build configuration list for PBXNativeTarget "BodyCapture" */;
			buildPhases = (
				3F5C655A2B60B09E006E1D99 /* Sources */,
				3F5C655B2B60B09E006E1D99 /* Frameworks */,
				3F5C655C2B60B09E006E1D99 /* Resources */,
			);
			buildRules = (
			);
			dependencies = (
			);
			name = BodyCapture;
			packageProductDependencies = (
				1C403EDA2B622CCC00D11507 /* KakaoSDK */,
				1C403EDC2B622CCC00D11507 /* KakaoSDKAuth */,
				1C403EDE2B622CCC00D11507 /* KakaoSDKCommon */,
				1C403EE02B622CCC00D11507 /* KakaoSDKUser */,
				3FCB40942B66763E00EC594A /* GoogleSignIn */,
			);
			productName = BodyCapture;
			productReference = 3F5C655E2B60B09E006E1D99 /* BodyCapture.app */;
			productType = "com.apple.product-type.application";
		};
		3F5C65732B60B0A1006E1D99 /* BodyCaptureTests */ = {
			isa = PBXNativeTarget;
			buildConfigurationList = 3F5C658B2B60B0A1006E1D99 /* Build configuration list for PBXNativeTarget "BodyCaptureTests" */;
			buildPhases = (
				3F5C65702B60B0A1006E1D99 /* Sources */,
				3F5C65712B60B0A1006E1D99 /* Frameworks */,
				3F5C65722B60B0A1006E1D99 /* Resources */,
			);
			buildRules = (
			);
			dependencies = (
				3F5C65762B60B0A1006E1D99 /* PBXTargetDependency */,
			);
			name = BodyCaptureTests;
			productName = BodyCaptureTests;
			productReference = 3F5C65742B60B0A1006E1D99 /* BodyCaptureTests.xctest */;
			productType = "com.apple.product-type.bundle.unit-test";
		};
		3F5C657D2B60B0A1006E1D99 /* BodyCaptureUITests */ = {
			isa = PBXNativeTarget;
			buildConfigurationList = 3F5C658E2B60B0A1006E1D99 /* Build configuration list for PBXNativeTarget "BodyCaptureUITests" */;
			buildPhases = (
				3F5C657A2B60B0A1006E1D99 /* Sources */,
				3F5C657B2B60B0A1006E1D99 /* Frameworks */,
				3F5C657C2B60B0A1006E1D99 /* Resources */,
			);
			buildRules = (
			);
			dependencies = (
				3F5C65802B60B0A1006E1D99 /* PBXTargetDependency */,
			);
			name = BodyCaptureUITests;
			productName = BodyCaptureUITests;
			productReference = 3F5C657E2B60B0A1006E1D99 /* BodyCaptureUITests.xctest */;
			productType = "com.apple.product-type.bundle.ui-testing";
		};
/* End PBXNativeTarget section */

/* Begin PBXProject section */
		3F5C65562B60B09E006E1D99 /* Project object */ = {
			isa = PBXProject;
			attributes = {
				BuildIndependentTargetsInParallel = 1;
				LastSwiftUpdateCheck = 1520;
				LastUpgradeCheck = 1520;
				TargetAttributes = {
					3F5C655D2B60B09E006E1D99 = {
						CreatedOnToolsVersion = 15.2;
					};
					3F5C65732B60B0A1006E1D99 = {
						CreatedOnToolsVersion = 15.2;
						TestTargetID = 3F5C655D2B60B09E006E1D99;
					};
					3F5C657D2B60B0A1006E1D99 = {
						CreatedOnToolsVersion = 15.2;
						TestTargetID = 3F5C655D2B60B09E006E1D99;
					};
				};
			};
			buildConfigurationList = 3F5C65592B60B09E006E1D99 /* Build configuration list for PBXProject "BodyCapture" */;
			compatibilityVersion = "Xcode 14.0";
			developmentRegion = en;
			hasScannedForEncodings = 0;
			knownRegions = (
				en,
				Base,
			);
			mainGroup = 3F5C65552B60B09E006E1D99;
			packageReferences = (
				1C403ED92B622CCC00D11507 /* XCRemoteSwiftPackageReference "kakao-ios-sdk" */,
				3FCB40932B66763E00EC594A /* XCRemoteSwiftPackageReference "GoogleSignIn-iOS" */,
			);
			productRefGroup = 3F5C655F2B60B09E006E1D99 /* Products */;
			projectDirPath = "";
			projectRoot = "";
			targets = (
				3F5C655D2B60B09E006E1D99 /* BodyCapture */,
				3F5C65732B60B0A1006E1D99 /* BodyCaptureTests */,
				3F5C657D2B60B0A1006E1D99 /* BodyCaptureUITests */,
			);
		};
/* End PBXProject section */

/* Begin PBXResourcesBuildPhase section */
		3F5C655C2B60B09E006E1D99 /* Resources */ = {
			isa = PBXResourcesBuildPhase;
			buildActionMask = 2147483647;
			files = (
				3F5C656E2B60B0A0006E1D99 /* LaunchScreen.storyboard in Resources */,
				3F5C656B2B60B0A0006E1D99 /* Assets.xcassets in Resources */,
				3F5C65692B60B09E006E1D99 /* Main.storyboard in Resources */,
			);
			runOnlyForDeploymentPostprocessing = 0;
		};
		3F5C65722B60B0A1006E1D99 /* Resources */ = {
			isa = PBXResourcesBuildPhase;
			buildActionMask = 2147483647;
			files = (
			);
			runOnlyForDeploymentPostprocessing = 0;
		};
		3F5C657C2B60B0A1006E1D99 /* Resources */ = {
			isa = PBXResourcesBuildPhase;
			buildActionMask = 2147483647;
			files = (
			);
			runOnlyForDeploymentPostprocessing = 0;
		};
/* End PBXResourcesBuildPhase section */

/* Begin PBXSourcesBuildPhase section */
		3F5C655A2B60B09E006E1D99 /* Sources */ = {
			isa = PBXSourcesBuildPhase;
			buildActionMask = 2147483647;
			files = (
				3F5C65662B60B09E006E1D99 /* LoginViewController.swift in Sources */,
				1C403F002B65F3CF00D11507 /* KakaoAuthenticateUserUseCase.swift in Sources */,
				1C403ED42B62101D00D11507 /* ThemeColor.swift in Sources */,
				3FCB409E2B6A58A100EC594A /* RegisterViewController.swift in Sources */,
				1C403EF42B63A10100D11507 /* HomeController.swift in Sources */,
				1C403ED82B62223B00D11507 /* MainTabController.swift in Sources */,
				1C403EFE2B63A2A300D11507 /* AppleAuthenticateUserUseCase.swift in Sources */,
				1C403EFD2B63A2A300D11507 /* User.swift in Sources */,
				3F5C65622B60B09E006E1D99 /* AppDelegate.swift in Sources */,
				1C00AE032B6A5397001A916D /* HeartController.swift in Sources */,
				3F5C65642B60B09E006E1D99 /* SceneDelegate.swift in Sources */,
				1C403EF62B63A10800D11507 /* StoreController.swift in Sources */,
			);
			runOnlyForDeploymentPostprocessing = 0;
		};
		3F5C65702B60B0A1006E1D99 /* Sources */ = {
			isa = PBXSourcesBuildPhase;
			buildActionMask = 2147483647;
			files = (
				3F5C65792B60B0A1006E1D99 /* BodyCaptureTests.swift in Sources */,
			);
			runOnlyForDeploymentPostprocessing = 0;
		};
		3F5C657A2B60B0A1006E1D99 /* Sources */ = {
			isa = PBXSourcesBuildPhase;
			buildActionMask = 2147483647;
			files = (
				3F5C65832B60B0A1006E1D99 /* BodyCaptureUITests.swift in Sources */,
				3F5C65852B60B0A1006E1D99 /* BodyCaptureUITestsLaunchTests.swift in Sources */,
			);
			runOnlyForDeploymentPostprocessing = 0;
		};
/* End PBXSourcesBuildPhase section */

/* Begin PBXTargetDependency section */
		3F5C65762B60B0A1006E1D99 /* PBXTargetDependency */ = {
			isa = PBXTargetDependency;
			target = 3F5C655D2B60B09E006E1D99 /* BodyCapture */;
			targetProxy = 3F5C65752B60B0A1006E1D99 /* PBXContainerItemProxy */;
		};
		3F5C65802B60B0A1006E1D99 /* PBXTargetDependency */ = {
			isa = PBXTargetDependency;
			target = 3F5C655D2B60B09E006E1D99 /* BodyCapture */;
			targetProxy = 3F5C657F2B60B0A1006E1D99 /* PBXContainerItemProxy */;
		};
/* End PBXTargetDependency section */

/* Begin PBXVariantGroup section */
		3F5C65672B60B09E006E1D99 /* Main.storyboard */ = {
			isa = PBXVariantGroup;
			children = (
				3F5C65682B60B09E006E1D99 /* Base */,
			);
			name = Main.storyboard;
			sourceTree = "<group>";
		};
		3F5C656C2B60B0A0006E1D99 /* LaunchScreen.storyboard */ = {
			isa = PBXVariantGroup;
			children = (
				3F5C656D2B60B0A0006E1D99 /* Base */,
			);
			name = LaunchScreen.storyboard;
			sourceTree = "<group>";
		};
/* End PBXVariantGroup section */

/* Begin XCBuildConfiguration section */
		3F5C65862B60B0A1006E1D99 /* Debug */ = {
			isa = XCBuildConfiguration;
			buildSettings = {
				ALWAYS_SEARCH_USER_PATHS = NO;
				ASSETCATALOG_COMPILER_GENERATE_SWIFT_ASSET_SYMBOL_EXTENSIONS = YES;
				CLANG_ANALYZER_NONNULL = YES;
				CLANG_ANALYZER_NUMBER_OBJECT_CONVERSION = YES_AGGRESSIVE;
				CLANG_CXX_LANGUAGE_STANDARD = "gnu++20";
				CLANG_ENABLE_MODULES = YES;
				CLANG_ENABLE_OBJC_ARC = YES;
				CLANG_ENABLE_OBJC_WEAK = YES;
				CLANG_WARN_BLOCK_CAPTURE_AUTORELEASING = YES;
				CLANG_WARN_BOOL_CONVERSION = YES;
				CLANG_WARN_COMMA = YES;
				CLANG_WARN_CONSTANT_CONVERSION = YES;
				CLANG_WARN_DEPRECATED_OBJC_IMPLEMENTATIONS = YES;
				CLANG_WARN_DIRECT_OBJC_ISA_USAGE = YES_ERROR;
				CLANG_WARN_DOCUMENTATION_COMMENTS = YES;
				CLANG_WARN_EMPTY_BODY = YES;
				CLANG_WARN_ENUM_CONVERSION = YES;
				CLANG_WARN_INFINITE_RECURSION = YES;
				CLANG_WARN_INT_CONVERSION = YES;
				CLANG_WARN_NON_LITERAL_NULL_CONVERSION = YES;
				CLANG_WARN_OBJC_IMPLICIT_RETAIN_SELF = YES;
				CLANG_WARN_OBJC_LITERAL_CONVERSION = YES;
				CLANG_WARN_OBJC_ROOT_CLASS = YES_ERROR;
				CLANG_WARN_QUOTED_INCLUDE_IN_FRAMEWORK_HEADER = YES;
				CLANG_WARN_RANGE_LOOP_ANALYSIS = YES;
				CLANG_WARN_STRICT_PROTOTYPES = YES;
				CLANG_WARN_SUSPICIOUS_MOVE = YES;
				CLANG_WARN_UNGUARDED_AVAILABILITY = YES_AGGRESSIVE;
				CLANG_WARN_UNREACHABLE_CODE = YES;
				CLANG_WARN__DUPLICATE_METHOD_MATCH = YES;
				COPY_PHASE_STRIP = NO;
				DEBUG_INFORMATION_FORMAT = dwarf;
				ENABLE_STRICT_OBJC_MSGSEND = YES;
				ENABLE_TESTABILITY = YES;
				ENABLE_USER_SCRIPT_SANDBOXING = YES;
				GCC_C_LANGUAGE_STANDARD = gnu17;
				GCC_DYNAMIC_NO_PIC = NO;
				GCC_NO_COMMON_BLOCKS = YES;
				GCC_OPTIMIZATION_LEVEL = 0;
				GCC_PREPROCESSOR_DEFINITIONS = (
					"DEBUG=1",
					"$(inherited)",
				);
				GCC_WARN_64_TO_32_BIT_CONVERSION = YES;
				GCC_WARN_ABOUT_RETURN_TYPE = YES_ERROR;
				GCC_WARN_UNDECLARED_SELECTOR = YES;
				GCC_WARN_UNINITIALIZED_AUTOS = YES_AGGRESSIVE;
				GCC_WARN_UNUSED_FUNCTION = YES;
				GCC_WARN_UNUSED_VARIABLE = YES;
				IPHONEOS_DEPLOYMENT_TARGET = 17.2;
				LOCALIZATION_PREFERS_STRING_CATALOGS = YES;
				MTL_ENABLE_DEBUG_INFO = INCLUDE_SOURCE;
				MTL_FAST_MATH = YES;
				ONLY_ACTIVE_ARCH = YES;
				SDKROOT = iphoneos;
				SWIFT_ACTIVE_COMPILATION_CONDITIONS = "DEBUG $(inherited)";
				SWIFT_OPTIMIZATION_LEVEL = "-Onone";
			};
			name = Debug;
		};
		3F5C65872B60B0A1006E1D99 /* Release */ = {
			isa = XCBuildConfiguration;
			buildSettings = {
				ALWAYS_SEARCH_USER_PATHS = NO;
				ASSETCATALOG_COMPILER_GENERATE_SWIFT_ASSET_SYMBOL_EXTENSIONS = YES;
				CLANG_ANALYZER_NONNULL = YES;
				CLANG_ANALYZER_NUMBER_OBJECT_CONVERSION = YES_AGGRESSIVE;
				CLANG_CXX_LANGUAGE_STANDARD = "gnu++20";
				CLANG_ENABLE_MODULES = YES;
				CLANG_ENABLE_OBJC_ARC = YES;
				CLANG_ENABLE_OBJC_WEAK = YES;
				CLANG_WARN_BLOCK_CAPTURE_AUTORELEASING = YES;
				CLANG_WARN_BOOL_CONVERSION = YES;
				CLANG_WARN_COMMA = YES;
				CLANG_WARN_CONSTANT_CONVERSION = YES;
				CLANG_WARN_DEPRECATED_OBJC_IMPLEMENTATIONS = YES;
				CLANG_WARN_DIRECT_OBJC_ISA_USAGE = YES_ERROR;
				CLANG_WARN_DOCUMENTATION_COMMENTS = YES;
				CLANG_WARN_EMPTY_BODY = YES;
				CLANG_WARN_ENUM_CONVERSION = YES;
				CLANG_WARN_INFINITE_RECURSION = YES;
				CLANG_WARN_INT_CONVERSION = YES;
				CLANG_WARN_NON_LITERAL_NULL_CONVERSION = YES;
				CLANG_WARN_OBJC_IMPLICIT_RETAIN_SELF = YES;
				CLANG_WARN_OBJC_LITERAL_CONVERSION = YES;
				CLANG_WARN_OBJC_ROOT_CLASS = YES_ERROR;
				CLANG_WARN_QUOTED_INCLUDE_IN_FRAMEWORK_HEADER = YES;
				CLANG_WARN_RANGE_LOOP_ANALYSIS = YES;
				CLANG_WARN_STRICT_PROTOTYPES = YES;
				CLANG_WARN_SUSPICIOUS_MOVE = YES;
				CLANG_WARN_UNGUARDED_AVAILABILITY = YES_AGGRESSIVE;
				CLANG_WARN_UNREACHABLE_CODE = YES;
				CLANG_WARN__DUPLICATE_METHOD_MATCH = YES;
				COPY_PHASE_STRIP = NO;
				DEBUG_INFORMATION_FORMAT = "dwarf-with-dsym";
				ENABLE_NS_ASSERTIONS = NO;
				ENABLE_STRICT_OBJC_MSGSEND = YES;
				ENABLE_USER_SCRIPT_SANDBOXING = YES;
				GCC_C_LANGUAGE_STANDARD = gnu17;
				GCC_NO_COMMON_BLOCKS = YES;
				GCC_WARN_64_TO_32_BIT_CONVERSION = YES;
				GCC_WARN_ABOUT_RETURN_TYPE = YES_ERROR;
				GCC_WARN_UNDECLARED_SELECTOR = YES;
				GCC_WARN_UNINITIALIZED_AUTOS = YES_AGGRESSIVE;
				GCC_WARN_UNUSED_FUNCTION = YES;
				GCC_WARN_UNUSED_VARIABLE = YES;
				IPHONEOS_DEPLOYMENT_TARGET = 17.2;
				LOCALIZATION_PREFERS_STRING_CATALOGS = YES;
				MTL_ENABLE_DEBUG_INFO = NO;
				MTL_FAST_MATH = YES;
				SDKROOT = iphoneos;
				SWIFT_COMPILATION_MODE = wholemodule;
				VALIDATE_PRODUCT = YES;
			};
			name = Release;
		};
		3F5C65892B60B0A1006E1D99 /* Debug */ = {
			isa = XCBuildConfiguration;
			buildSettings = {
				ASSETCATALOG_COMPILER_APPICON_NAME = AppIcon;
				ASSETCATALOG_COMPILER_GLOBAL_ACCENT_COLOR_NAME = AccentColor;
				CODE_SIGN_ENTITLEMENTS = BodyCapture/BodyCapture.entitlements;
				CODE_SIGN_IDENTITY = "Apple Development";
				CODE_SIGN_STYLE = Automatic;
				CURRENT_PROJECT_VERSION = 1;
				DEVELOPMENT_TEAM = 387JTQ5ATJ;
				GENERATE_INFOPLIST_FILE = YES;
				INFOPLIST_FILE = BodyCapture/Info.plist;
				INFOPLIST_KEY_UIApplicationSupportsIndirectInputEvents = YES;
				INFOPLIST_KEY_UILaunchStoryboardName = LaunchScreen;
				INFOPLIST_KEY_UIMainStoryboardFile = Main;
				INFOPLIST_KEY_UISupportedInterfaceOrientations = UIInterfaceOrientationPortrait;
				INFOPLIST_KEY_UISupportedInterfaceOrientations_iPad = "UIInterfaceOrientationLandscapeLeft UIInterfaceOrientationLandscapeRight UIInterfaceOrientationPortrait UIInterfaceOrientationPortraitUpsideDown";
				IPHONEOS_DEPLOYMENT_TARGET = 15.0;
				LD_RUNPATH_SEARCH_PATHS = (
					"$(inherited)",
					"@executable_path/Frameworks",
				);
				MARKETING_VERSION = 1.0;
				PRODUCT_BUNDLE_IDENTIFIER = com.BodyCapture.BodyCapture;
				PRODUCT_NAME = "$(TARGET_NAME)";
				PROVISIONING_PROFILE_SPECIFIER = "";
				SUPPORTED_PLATFORMS = "iphoneos iphonesimulator";
				SUPPORTS_MACCATALYST = NO;
				SUPPORTS_MAC_DESIGNED_FOR_IPHONE_IPAD = NO;
				SWIFT_EMIT_LOC_STRINGS = YES;
				SWIFT_VERSION = 5.0;
				TARGETED_DEVICE_FAMILY = 1;
			};
			name = Debug;
		};
		3F5C658A2B60B0A1006E1D99 /* Release */ = {
			isa = XCBuildConfiguration;
			buildSettings = {
				ASSETCATALOG_COMPILER_APPICON_NAME = AppIcon;
				ASSETCATALOG_COMPILER_GLOBAL_ACCENT_COLOR_NAME = AccentColor;
				CODE_SIGN_ENTITLEMENTS = BodyCapture/BodyCapture.entitlements;
				CODE_SIGN_IDENTITY = "Apple Development";
				CODE_SIGN_STYLE = Automatic;
				CURRENT_PROJECT_VERSION = 1;
				DEVELOPMENT_TEAM = 387JTQ5ATJ;
				GENERATE_INFOPLIST_FILE = YES;
				INFOPLIST_FILE = BodyCapture/Info.plist;
				INFOPLIST_KEY_UIApplicationSupportsIndirectInputEvents = YES;
				INFOPLIST_KEY_UILaunchStoryboardName = LaunchScreen;
				INFOPLIST_KEY_UIMainStoryboardFile = Main;
				INFOPLIST_KEY_UISupportedInterfaceOrientations = UIInterfaceOrientationPortrait;
				INFOPLIST_KEY_UISupportedInterfaceOrientations_iPad = "UIInterfaceOrientationLandscapeLeft UIInterfaceOrientationLandscapeRight UIInterfaceOrientationPortrait UIInterfaceOrientationPortraitUpsideDown";
				IPHONEOS_DEPLOYMENT_TARGET = 15.0;
				LD_RUNPATH_SEARCH_PATHS = (
					"$(inherited)",
					"@executable_path/Frameworks",
				);
				MARKETING_VERSION = 1.0;
				PRODUCT_BUNDLE_IDENTIFIER = com.BodyCapture.BodyCapture;
				PRODUCT_NAME = "$(TARGET_NAME)";
				PROVISIONING_PROFILE_SPECIFIER = "";
				SUPPORTED_PLATFORMS = "iphoneos iphonesimulator";
				SUPPORTS_MACCATALYST = NO;
				SUPPORTS_MAC_DESIGNED_FOR_IPHONE_IPAD = NO;
				SWIFT_EMIT_LOC_STRINGS = YES;
				SWIFT_VERSION = 5.0;
				TARGETED_DEVICE_FAMILY = 1;
			};
			name = Release;
		};
		3F5C658C2B60B0A1006E1D99 /* Debug */ = {
			isa = XCBuildConfiguration;
			buildSettings = {
				ALWAYS_EMBED_SWIFT_STANDARD_LIBRARIES = YES;
				BUNDLE_LOADER = "$(TEST_HOST)";
				CODE_SIGN_STYLE = Automatic;
				CURRENT_PROJECT_VERSION = 1;
				GENERATE_INFOPLIST_FILE = YES;
				IPHONEOS_DEPLOYMENT_TARGET = 17.2;
				MARKETING_VERSION = 1.0;
				PRODUCT_BUNDLE_IDENTIFIER = BodyCapture.BodyCaptureTests;
				PRODUCT_NAME = "$(TARGET_NAME)";
				SWIFT_EMIT_LOC_STRINGS = NO;
				SWIFT_VERSION = 5.0;
				TARGETED_DEVICE_FAMILY = "1,2";
				TEST_HOST = "$(BUILT_PRODUCTS_DIR)/BodyCapture.app/$(BUNDLE_EXECUTABLE_FOLDER_PATH)/BodyCapture";
			};
			name = Debug;
		};
		3F5C658D2B60B0A1006E1D99 /* Release */ = {
			isa = XCBuildConfiguration;
			buildSettings = {
				ALWAYS_EMBED_SWIFT_STANDARD_LIBRARIES = YES;
				BUNDLE_LOADER = "$(TEST_HOST)";
				CODE_SIGN_STYLE = Automatic;
				CURRENT_PROJECT_VERSION = 1;
				GENERATE_INFOPLIST_FILE = YES;
				IPHONEOS_DEPLOYMENT_TARGET = 17.2;
				MARKETING_VERSION = 1.0;
				PRODUCT_BUNDLE_IDENTIFIER = BodyCapture.BodyCaptureTests;
				PRODUCT_NAME = "$(TARGET_NAME)";
				SWIFT_EMIT_LOC_STRINGS = NO;
				SWIFT_VERSION = 5.0;
				TARGETED_DEVICE_FAMILY = "1,2";
				TEST_HOST = "$(BUILT_PRODUCTS_DIR)/BodyCapture.app/$(BUNDLE_EXECUTABLE_FOLDER_PATH)/BodyCapture";
			};
			name = Release;
		};
		3F5C658F2B60B0A1006E1D99 /* Debug */ = {
			isa = XCBuildConfiguration;
			buildSettings = {
				ALWAYS_EMBED_SWIFT_STANDARD_LIBRARIES = YES;
				CODE_SIGN_STYLE = Automatic;
				CURRENT_PROJECT_VERSION = 1;
				GENERATE_INFOPLIST_FILE = YES;
				MARKETING_VERSION = 1.0;
				PRODUCT_BUNDLE_IDENTIFIER = BodyCapture.BodyCaptureUITests;
				PRODUCT_NAME = "$(TARGET_NAME)";
				SWIFT_EMIT_LOC_STRINGS = NO;
				SWIFT_VERSION = 5.0;
				TARGETED_DEVICE_FAMILY = "1,2";
				TEST_TARGET_NAME = BodyCapture;
			};
			name = Debug;
		};
		3F5C65902B60B0A1006E1D99 /* Release */ = {
			isa = XCBuildConfiguration;
			buildSettings = {
				ALWAYS_EMBED_SWIFT_STANDARD_LIBRARIES = YES;
				CODE_SIGN_STYLE = Automatic;
				CURRENT_PROJECT_VERSION = 1;
				GENERATE_INFOPLIST_FILE = YES;
				MARKETING_VERSION = 1.0;
				PRODUCT_BUNDLE_IDENTIFIER = BodyCapture.BodyCaptureUITests;
				PRODUCT_NAME = "$(TARGET_NAME)";
				SWIFT_EMIT_LOC_STRINGS = NO;
				SWIFT_VERSION = 5.0;
				TARGETED_DEVICE_FAMILY = "1,2";
				TEST_TARGET_NAME = BodyCapture;
			};
			name = Release;
		};
/* End XCBuildConfiguration section */

/* Begin XCConfigurationList section */
		3F5C65592B60B09E006E1D99 /* Build configuration list for PBXProject "BodyCapture" */ = {
			isa = XCConfigurationList;
			buildConfigurations = (
				3F5C65862B60B0A1006E1D99 /* Debug */,
				3F5C65872B60B0A1006E1D99 /* Release */,
			);
			defaultConfigurationIsVisible = 0;
			defaultConfigurationName = Release;
		};
		3F5C65882B60B0A1006E1D99 /* Build configuration list for PBXNativeTarget "BodyCapture" */ = {
			isa = XCConfigurationList;
			buildConfigurations = (
				3F5C65892B60B0A1006E1D99 /* Debug */,
				3F5C658A2B60B0A1006E1D99 /* Release */,
			);
			defaultConfigurationIsVisible = 0;
			defaultConfigurationName = Release;
		};
		3F5C658B2B60B0A1006E1D99 /* Build configuration list for PBXNativeTarget "BodyCaptureTests" */ = {
			isa = XCConfigurationList;
			buildConfigurations = (
				3F5C658C2B60B0A1006E1D99 /* Debug */,
				3F5C658D2B60B0A1006E1D99 /* Release */,
			);
			defaultConfigurationIsVisible = 0;
			defaultConfigurationName = Release;
		};
		3F5C658E2B60B0A1006E1D99 /* Build configuration list for PBXNativeTarget "BodyCaptureUITests" */ = {
			isa = XCConfigurationList;
			buildConfigurations = (
				3F5C658F2B60B0A1006E1D99 /* Debug */,
				3F5C65902B60B0A1006E1D99 /* Release */,
			);
			defaultConfigurationIsVisible = 0;
			defaultConfigurationName = Release;
		};
/* End XCConfigurationList section */

/* Begin XCRemoteSwiftPackageReference section */
		1C403ED92B622CCC00D11507 /* XCRemoteSwiftPackageReference "kakao-ios-sdk" */ = {
			isa = XCRemoteSwiftPackageReference;
			repositoryURL = "https://github.com/kakao/kakao-ios-sdk";
			requirement = {
				kind = upToNextMajorVersion;
				minimumVersion = 2.20.0;
			};
		};
		3FCB40932B66763E00EC594A /* XCRemoteSwiftPackageReference "GoogleSignIn-iOS" */ = {
			isa = XCRemoteSwiftPackageReference;
			repositoryURL = "https://github.com/google/GoogleSignIn-iOS.git";
			requirement = {
				kind = upToNextMajorVersion;
				minimumVersion = 7.0.0;
			};
		};
/* End XCRemoteSwiftPackageReference section */

/* Begin XCSwiftPackageProductDependency section */
		1C403EDA2B622CCC00D11507 /* KakaoSDK */ = {
			isa = XCSwiftPackageProductDependency;
			package = 1C403ED92B622CCC00D11507 /* XCRemoteSwiftPackageReference "kakao-ios-sdk" */;
			productName = KakaoSDK;
		};
		1C403EDC2B622CCC00D11507 /* KakaoSDKAuth */ = {
			isa = XCSwiftPackageProductDependency;
			package = 1C403ED92B622CCC00D11507 /* XCRemoteSwiftPackageReference "kakao-ios-sdk" */;
			productName = KakaoSDKAuth;
		};
		1C403EDE2B622CCC00D11507 /* KakaoSDKCommon */ = {
			isa = XCSwiftPackageProductDependency;
			package = 1C403ED92B622CCC00D11507 /* XCRemoteSwiftPackageReference "kakao-ios-sdk" */;
			productName = KakaoSDKCommon;
		};
		1C403EE02B622CCC00D11507 /* KakaoSDKUser */ = {
			isa = XCSwiftPackageProductDependency;
			package = 1C403ED92B622CCC00D11507 /* XCRemoteSwiftPackageReference "kakao-ios-sdk" */;
			productName = KakaoSDKUser;
		};
		3FCB40942B66763E00EC594A /* GoogleSignIn */ = {
			isa = XCSwiftPackageProductDependency;
			package = 3FCB40932B66763E00EC594A /* XCRemoteSwiftPackageReference "GoogleSignIn-iOS" */;
			productName = GoogleSignIn;
		};
/* End XCSwiftPackageProductDependency section */
	};
	rootObject = 3F5C65562B60B09E006E1D99 /* Project object */;
}
